
Microsoft Visual Studio Solution File, Format Version 12.00
# Visual Studio 14
VisualStudioVersion = 14.0.25420.1
MinimumVisualStudioVersion = 10.0.40219.1
Project("{FAE04EC0-301F-11D3-BF4B-00C04F79EFBC}") = "VelibLibrary", "VelibLibrary\VelibLibrary.csproj", "{35A78C81-C2FB-402D-A365-460F4187ECFE}"
EndProject
Project("{FAE04EC0-301F-11D3-BF4B-00C04F79EFBC}") = "VelibClient", "VelibClient\VelibClient.csproj", "{8792611D-2C9E-436E-964F-13BF82BB52C7}"
	ProjectSection(ProjectDependencies) = postProject
		{35A78C81-C2FB-402D-A365-460F4187ECFE} = {35A78C81-C2FB-402D-A365-460F4187ECFE}
	EndProjectSection
EndProject
Global
	GlobalSection(SolutionConfigurationPlatforms) = preSolution
		Debug|Any CPU = Debug|Any CPU
		Release|Any CPU = Release|Any CPU
	EndGlobalSection
	GlobalSection(ProjectConfigurationPlatforms) = postSolution
		{35A78C81-C2FB-402D-A365-460F4187ECFE}.Debug|Any CPU.ActiveCfg = Debug|Any CPU
		{35A78C81-C2FB-402D-A365-460F4187ECFE}.Debug|Any CPU.Build.0 = Debug|Any CPU
		{35A78C81-C2FB-402D-A365-460F4187ECFE}.Release|Any CPU.ActiveCfg = Release|Any CPU
		{35A78C81-C2FB-402D-A365-460F4187ECFE}.Release|Any CPU.Build.0 = Release|Any CPU
		{8792611D-2C9E-436E-964F-13BF82BB52C7}.Debug|Any CPU.ActiveCfg = Debug|Any CPU
		{8792611D-2C9E-436E-964F-13BF82BB52C7}.Debug|Any CPU.Build.0 = Debug|Any CPU
		{8792611D-2C9E-436E-964F-13BF82BB52C7}.Release|Any CPU.ActiveCfg = Release|Any CPU
		{8792611D-2C9E-436E-964F-13BF82BB52C7}.Release|Any CPU.Build.0 = Release|Any CPU
	EndGlobalSection
	GlobalSection(SolutionProperties) = preSolution
		HideSolutionNode = FALSE
	EndGlobalSection
EndGlobal
